{
  "name": "c-c",
  "version": "0.0.0",
  "lockfileVersion": 1,
  "requires": true,
  "dependencies": {
    "csstype": {
      "version": "2.6.10",
      "resolved": "https://registry.npmjs.org/csstype/-/csstype-2.6.10.tgz",
      "integrity": "sha512-D34BqZU4cIlMCY93rZHbrq9pjTAQJ3U8S8rfBqjwHxkGPThWFjzZDQpgMJY0QViLxth6ZKYiwFBo14RdN44U/w==",
      "dev": true
    },
    "esm": {
      "version": "3.2.25",
      "resolved": "https://registry.npmjs.org/esm/-/esm-3.2.25.tgz",
      "integrity": "sha512-U1suiZ2oDVWv4zPO56S0NcR5QriEahGtdN2OR6FiOG4WJvcjBVFB0qI4+eKoWFH483PKGuLuu6V8Z4T5g63UVA==",
      "dev": true
    },
    "prettier": {
      "version": "2.0.5",
      "resolved": "https://registry.npmjs.org/prettier/-/prettier-2.0.5.tgz",
      "integrity": "sha512-7PtVymN48hGcO4fGjybyBSIWDsLU4H4XlvOHfq91pz9kkGlonzwTfYkaIEwiRg/dAJF9YlbsduBAgtYLi+8cFg==",
      "dev": true
    },
    "t-t": {
      "version": "git+https://github.com/gc-victor/t-t.git#138e449bf3ee31c9d438ae88c8363148864b3c45",
      "from": "git+https://github.com/gc-victor/t-t.git#main",
      "dev": true
    }
  }
}
